// !$*UTF8*$!
{
	archiveVersion = 1;
	classes = {
	};
	objectVersion = 55;
	objects = {

/* Begin PBXBuildFile section */
		EA68C2D3288116B10098DABE /* RaceModel.swift in Sources */ = {isa = PBXBuildFile; fileRef = EA68C2D2288116B10098DABE /* RaceModel.swift */; };
		EA8554B9287A1F9F00218C05 /* Tests.swift in Sources */ = {isa = PBXBuildFile; fileRef = EA8554B8287A1F9F00218C05 /* Tests.swift */; };
		EA8554BB287A1F9F00218C05 /* LaunchTests.swift in Sources */ = {isa = PBXBuildFile; fileRef = EA8554BA287A1F9F00218C05 /* LaunchTests.swift */; };
		EA8554C8287A1F9F00218C05 /* TriathlonPlannerApp.swift in Sources */ = {isa = PBXBuildFile; fileRef = EA8554A0287A1F9E00218C05 /* TriathlonPlannerApp.swift */; };
		EA8554CC287A1F9F00218C05 /* Assets.xcassets in Resources */ = {isa = PBXBuildFile; fileRef = EA8554A2287A1F9F00218C05 /* Assets.xcassets */; };
		EADD615B287A2D120065256E /* GoalView.swift in Sources */ = {isa = PBXBuildFile; fileRef = EADD615A287A2D120065256E /* GoalView.swift */; };
		EADD615D287A2D2D0065256E /* TrainingView.swift in Sources */ = {isa = PBXBuildFile; fileRef = EADD615C287A2D2D0065256E /* TrainingView.swift */; };
		EADD615F287A2D4A0065256E /* SettingsView.swift in Sources */ = {isa = PBXBuildFile; fileRef = EADD615E287A2D4A0065256E /* SettingsView.swift */; };
		EADD6162287A53940065256E /* RaceTypeModel.swift in Sources */ = {isa = PBXBuildFile; fileRef = EADD6161287A53940065256E /* RaceTypeModel.swift */; };
		EADD6166287A54C80065256E /* TransitionModel.swift in Sources */ = {isa = PBXBuildFile; fileRef = EADD6165287A54C80065256E /* TransitionModel.swift */; };
		EAE6BEFE287D22A400D712A6 /* SportLegModel.swift in Sources */ = {isa = PBXBuildFile; fileRef = EAE6BEFD287D22A400D712A6 /* SportLegModel.swift */; };
		EAECC2E8287B40340094DAAF /* TimeModel.swift in Sources */ = {isa = PBXBuildFile; fileRef = EAECC2E7287B40340094DAAF /* TimeModel.swift */; };
		EAECC2EB287B4A820094DAAF /* TimePickerView.swift in Sources */ = {isa = PBXBuildFile; fileRef = EAECC2EA287B4A820094DAAF /* TimePickerView.swift */; };
		EAECC2ED287B4AB10094DAAF /* TimeButtonView.swift in Sources */ = {isa = PBXBuildFile; fileRef = EAECC2EC287B4AB10094DAAF /* TimeButtonView.swift */; };
		EAECC2EF287B4AD80094DAAF /* RaceTypeView.swift in Sources */ = {isa = PBXBuildFile; fileRef = EAECC2EE287B4AD80094DAAF /* RaceTypeView.swift */; };
/* End PBXBuildFile section */

/* Begin PBXContainerItemProxy section */
		EA8554B5287A1F9F00218C05 /* PBXContainerItemProxy */ = {
			isa = PBXContainerItemProxy;
			containerPortal = EA85549B287A1F9E00218C05 /* Project object */;
			proxyType = 1;
			remoteGlobalIDString = EA8554A6287A1F9F00218C05;
			remoteInfo = "TriathlonPlanner (iOS)";
		};
/* End PBXContainerItemProxy section */

/* Begin PBXFileReference section */
		EA68C2D2288116B10098DABE /* RaceModel.swift */ = {isa = PBXFileReference; lastKnownFileType = sourcecode.swift; path = RaceModel.swift; sourceTree = "<group>"; };
		EA8554A0287A1F9E00218C05 /* TriathlonPlannerApp.swift */ = {isa = PBXFileReference; lastKnownFileType = sourcecode.swift; path = TriathlonPlannerApp.swift; sourceTree = "<group>"; };
		EA8554A2287A1F9F00218C05 /* Assets.xcassets */ = {isa = PBXFileReference; lastKnownFileType = folder.assetcatalog; path = Assets.xcassets; sourceTree = "<group>"; };
		EA8554A7287A1F9F00218C05 /* TriathlonPlanner.app */ = {isa = PBXFileReference; explicitFileType = wrapper.application; includeInIndex = 0; path = TriathlonPlanner.app; sourceTree = BUILT_PRODUCTS_DIR; };
		EA8554B4287A1F9F00218C05 /* Tests.xctest */ = {isa = PBXFileReference; explicitFileType = wrapper.cfbundle; includeInIndex = 0; path = Tests.xctest; sourceTree = BUILT_PRODUCTS_DIR; };
		EA8554B8287A1F9F00218C05 /* Tests.swift */ = {isa = PBXFileReference; lastKnownFileType = sourcecode.swift; path = Tests.swift; sourceTree = "<group>"; };
		EA8554BA287A1F9F00218C05 /* LaunchTests.swift */ = {isa = PBXFileReference; lastKnownFileType = sourcecode.swift; path = LaunchTests.swift; sourceTree = "<group>"; };
		EA8554DD287A203700218C05 /* TriathlonPlanner.entitlements */ = {isa = PBXFileReference; lastKnownFileType = text.plist.entitlements; path = TriathlonPlanner.entitlements; sourceTree = "<group>"; };
		EADD615A287A2D120065256E /* GoalView.swift */ = {isa = PBXFileReference; lastKnownFileType = sourcecode.swift; path = GoalView.swift; sourceTree = "<group>"; };
		EADD615C287A2D2D0065256E /* TrainingView.swift */ = {isa = PBXFileReference; lastKnownFileType = sourcecode.swift; path = TrainingView.swift; sourceTree = "<group>"; };
		EADD615E287A2D4A0065256E /* SettingsView.swift */ = {isa = PBXFileReference; lastKnownFileType = sourcecode.swift; path = SettingsView.swift; sourceTree = "<group>"; };
		EADD6161287A53940065256E /* RaceTypeModel.swift */ = {isa = PBXFileReference; lastKnownFileType = sourcecode.swift; path = RaceTypeModel.swift; sourceTree = "<group>"; };
		EADD6165287A54C80065256E /* TransitionModel.swift */ = {isa = PBXFileReference; lastKnownFileType = sourcecode.swift; path = TransitionModel.swift; sourceTree = "<group>"; };
		EAE6BEFD287D22A400D712A6 /* SportLegModel.swift */ = {isa = PBXFileReference; lastKnownFileType = sourcecode.swift; path = SportLegModel.swift; sourceTree = "<group>"; };
		EAECC2E7287B40340094DAAF /* TimeModel.swift */ = {isa = PBXFileReference; lastKnownFileType = sourcecode.swift; path = TimeModel.swift; sourceTree = "<group>"; };
		EAECC2EA287B4A820094DAAF /* TimePickerView.swift */ = {isa = PBXFileReference; lastKnownFileType = sourcecode.swift; path = TimePickerView.swift; sourceTree = "<group>"; };
		EAECC2EC287B4AB10094DAAF /* TimeButtonView.swift */ = {isa = PBXFileReference; lastKnownFileType = sourcecode.swift; path = TimeButtonView.swift; sourceTree = "<group>"; };
		EAECC2EE287B4AD80094DAAF /* RaceTypeView.swift */ = {isa = PBXFileReference; lastKnownFileType = sourcecode.swift; path = RaceTypeView.swift; sourceTree = "<group>"; };
/* End PBXFileReference section */

/* Begin PBXFrameworksBuildPhase section */
		EA8554A4287A1F9F00218C05 /* Frameworks */ = {
			isa = PBXFrameworksBuildPhase;
			buildActionMask = 2147483647;
			files = (
			);
			runOnlyForDeploymentPostprocessing = 0;
		};
		EA8554B1287A1F9F00218C05 /* Frameworks */ = {
			isa = PBXFrameworksBuildPhase;
			buildActionMask = 2147483647;
			files = (
			);
			runOnlyForDeploymentPostprocessing = 0;
		};
/* End PBXFrameworksBuildPhase section */

/* Begin PBXGroup section */
		EA85549A287A1F9E00218C05 = {
			isa = PBXGroup;
			children = (
				EA8554DC287A201600218C05 /* Resources */,
				EA85549F287A1F9E00218C05 /* Source */,
				EA8554B7287A1F9F00218C05 /* Tests */,
				EA8554A8287A1F9F00218C05 /* Products */,
			);
			sourceTree = "<group>";
		};
		EA85549F287A1F9E00218C05 /* Source */ = {
			isa = PBXGroup;
			children = (
				EAECC2E9287B4A780094DAAF /* InputViews */,
				EADD6160287A53880065256E /* Models */,
				EA8554A0287A1F9E00218C05 /* TriathlonPlannerApp.swift */,
				EADD615A287A2D120065256E /* GoalView.swift */,
				EADD615C287A2D2D0065256E /* TrainingView.swift */,
				EADD615E287A2D4A0065256E /* SettingsView.swift */,
			);
			path = Source;
			sourceTree = "<group>";
		};
		EA8554A8287A1F9F00218C05 /* Products */ = {
			isa = PBXGroup;
			children = (
				EA8554A7287A1F9F00218C05 /* TriathlonPlanner.app */,
				EA8554B4287A1F9F00218C05 /* Tests.xctest */,
			);
			name = Products;
			sourceTree = "<group>";
		};
		EA8554B7287A1F9F00218C05 /* Tests */ = {
			isa = PBXGroup;
			children = (
				EA8554B8287A1F9F00218C05 /* Tests.swift */,
				EA8554BA287A1F9F00218C05 /* LaunchTests.swift */,
			);
			path = Tests;
			sourceTree = "<group>";
		};
		EA8554DC287A201600218C05 /* Resources */ = {
			isa = PBXGroup;
			children = (
				EA8554DD287A203700218C05 /* TriathlonPlanner.entitlements */,
				EA8554A2287A1F9F00218C05 /* Assets.xcassets */,
			);
			path = Resources;
			sourceTree = "<group>";
		};
		EADD6160287A53880065256E /* Models */ = {
			isa = PBXGroup;
			children = (
				EADD6161287A53940065256E /* RaceTypeModel.swift */,
				EADD6165287A54C80065256E /* TransitionModel.swift */,
				EAECC2E7287B40340094DAAF /* TimeModel.swift */,
				EAE6BEFD287D22A400D712A6 /* SportLegModel.swift */,
				EA68C2D2288116B10098DABE /* RaceModel.swift */,
			);
			path = Models;
			sourceTree = "<group>";
		};
		EAECC2E9287B4A780094DAAF /* InputViews */ = {
			isa = PBXGroup;
			children = (
				EAECC2EA287B4A820094DAAF /* TimePickerView.swift */,
				EAECC2EC287B4AB10094DAAF /* TimeButtonView.swift */,
				EAECC2EE287B4AD80094DAAF /* RaceTypeView.swift */,
			);
			path = InputViews;
			sourceTree = "<group>";
		};
/* End PBXGroup section */

/* Begin PBXNativeTarget section */
		EA8554A6287A1F9F00218C05 /* TriathlonPlanner */ = {
			isa = PBXNativeTarget;
			buildConfigurationList = EA8554D0287A1F9F00218C05 /* Build configuration list for PBXNativeTarget "TriathlonPlanner" */;
			buildPhases = (
				EA8554A3287A1F9F00218C05 /* Sources */,
				EA8554A4287A1F9F00218C05 /* Frameworks */,
				EA8554A5287A1F9F00218C05 /* Resources */,
			);
			buildRules = (
			);
			dependencies = (
			);
			name = TriathlonPlanner;
			productName = "TriathlonPlanner (iOS)";
			productReference = EA8554A7287A1F9F00218C05 /* TriathlonPlanner.app */;
			productType = "com.apple.product-type.application";
		};
		EA8554B3287A1F9F00218C05 /* Tests */ = {
			isa = PBXNativeTarget;
			buildConfigurationList = EA8554D6287A1F9F00218C05 /* Build configuration list for PBXNativeTarget "Tests" */;
			buildPhases = (
				EA8554B0287A1F9F00218C05 /* Sources */,
				EA8554B1287A1F9F00218C05 /* Frameworks */,
				EA8554B2287A1F9F00218C05 /* Resources */,
			);
			buildRules = (
			);
			dependencies = (
				EA8554B6287A1F9F00218C05 /* PBXTargetDependency */,
			);
			name = Tests;
			productName = "Tests iOS";
			productReference = EA8554B4287A1F9F00218C05 /* Tests.xctest */;
			productType = "com.apple.product-type.bundle.ui-testing";
		};
/* End PBXNativeTarget section */

/* Begin PBXProject section */
		EA85549B287A1F9E00218C05 /* Project object */ = {
			isa = PBXProject;
			attributes = {
				BuildIndependentTargetsInParallel = 1;
				LastSwiftUpdateCheck = 1340;
				LastUpgradeCheck = 1340;
				TargetAttributes = {
					EA8554A6287A1F9F00218C05 = {
						CreatedOnToolsVersion = 13.4.1;
					};
					EA8554B3287A1F9F00218C05 = {
						CreatedOnToolsVersion = 13.4.1;
						TestTargetID = EA8554A6287A1F9F00218C05;
					};
				};
			};
			buildConfigurationList = EA85549E287A1F9E00218C05 /* Build configuration list for PBXProject "TriathlonPlanner" */;
			compatibilityVersion = "Xcode 13.0";
			developmentRegion = en;
			hasScannedForEncodings = 0;
			knownRegions = (
				en,
				Base,
			);
			mainGroup = EA85549A287A1F9E00218C05;
			productRefGroup = EA8554A8287A1F9F00218C05 /* Products */;
			projectDirPath = "";
			projectRoot = "";
			targets = (
				EA8554A6287A1F9F00218C05 /* TriathlonPlanner */,
				EA8554B3287A1F9F00218C05 /* Tests */,
			);
		};
/* End PBXProject section */

/* Begin PBXResourcesBuildPhase section */
		EA8554A5287A1F9F00218C05 /* Resources */ = {
			isa = PBXResourcesBuildPhase;
			buildActionMask = 2147483647;
			files = (
				EA8554CC287A1F9F00218C05 /* Assets.xcassets in Resources */,
			);
			runOnlyForDeploymentPostprocessing = 0;
		};
		EA8554B2287A1F9F00218C05 /* Resources */ = {
			isa = PBXResourcesBuildPhase;
			buildActionMask = 2147483647;
			files = (
			);
			runOnlyForDeploymentPostprocessing = 0;
		};
/* End PBXResourcesBuildPhase section */

/* Begin PBXSourcesBuildPhase section */
		EA8554A3287A1F9F00218C05 /* Sources */ = {
			isa = PBXSourcesBuildPhase;
			buildActionMask = 2147483647;
			files = (
				EAECC2EB287B4A820094DAAF /* TimePickerView.swift in Sources */,
				EAECC2ED287B4AB10094DAAF /* TimeButtonView.swift in Sources */,
				EADD6166287A54C80065256E /* TransitionModel.swift in Sources */,
				EADD615F287A2D4A0065256E /* SettingsView.swift in Sources */,
				EADD615D287A2D2D0065256E /* TrainingView.swift in Sources */,
				EAE6BEFE287D22A400D712A6 /* SportLegModel.swift in Sources */,
				EA68C2D3288116B10098DABE /* RaceModel.swift in Sources */,
				EAECC2E8287B40340094DAAF /* TimeModel.swift in Sources */,
				EADD615B287A2D120065256E /* GoalView.swift in Sources */,
				EA8554C8287A1F9F00218C05 /* TriathlonPlannerApp.swift in Sources */,
				EADD6162287A53940065256E /* RaceTypeModel.swift in Sources */,
				EAECC2EF287B4AD80094DAAF /* RaceTypeView.swift in Sources */,
			);
			runOnlyForDeploymentPostprocessing = 0;
		};
		EA8554B0287A1F9F00218C05 /* Sources */ = {
			isa = PBXSourcesBuildPhase;
			buildActionMask = 2147483647;
			files = (
				EA8554BB287A1F9F00218C05 /* LaunchTests.swift in Sources */,
				EA8554B9287A1F9F00218C05 /* Tests.swift in Sources */,
			);
			runOnlyForDeploymentPostprocessing = 0;
		};
/* End PBXSourcesBuildPhase section */

/* Begin PBXTargetDependency section */
		EA8554B6287A1F9F00218C05 /* PBXTargetDependency */ = {
			isa = PBXTargetDependency;
			target = EA8554A6287A1F9F00218C05 /* TriathlonPlanner */;
			targetProxy = EA8554B5287A1F9F00218C05 /* PBXContainerItemProxy */;
		};
/* End PBXTargetDependency section */

/* Begin XCBuildConfiguration section */
		EA8554CE287A1F9F00218C05 /* Debug */ = {
			isa = XCBuildConfiguration;
			buildSettings = {
				ALWAYS_SEARCH_USER_PATHS = NO;
				CLANG_ANALYZER_NONNULL = YES;
				CLANG_ANALYZER_NUMBER_OBJECT_CONVERSION = YES_AGGRESSIVE;
				CLANG_CXX_LANGUAGE_STANDARD = "gnu++17";
				CLANG_ENABLE_MODULES = YES;
				CLANG_ENABLE_OBJC_ARC = YES;
				CLANG_ENABLE_OBJC_WEAK = YES;
				CLANG_WARN_BLOCK_CAPTURE_AUTORELEASING = YES;
				CLANG_WARN_BOOL_CONVERSION = YES;
				CLANG_WARN_COMMA = YES;
				CLANG_WARN_CONSTANT_CONVERSION = YES;
				CLANG_WARN_DEPRECATED_OBJC_IMPLEMENTATIONS = YES;
				CLANG_WARN_DIRECT_OBJC_ISA_USAGE = YES_ERROR;
				CLANG_WARN_DOCUMENTATION_COMMENTS = YES;
				CLANG_WARN_EMPTY_BODY = YES;
				CLANG_WARN_ENUM_CONVERSION = YES;
				CLANG_WARN_INFINITE_RECURSION = YES;
				CLANG_WARN_INT_CONVERSION = YES;
				CLANG_WARN_NON_LITERAL_NULL_CONVERSION = YES;
				CLANG_WARN_OBJC_IMPLICIT_RETAIN_SELF = YES;
				CLANG_WARN_OBJC_LITERAL_CONVERSION = YES;
				CLANG_WARN_OBJC_ROOT_CLASS = YES_ERROR;
				CLANG_WARN_QUOTED_INCLUDE_IN_FRAMEWORK_HEADER = YES;
				CLANG_WARN_RANGE_LOOP_ANALYSIS = YES;
				CLANG_WARN_STRICT_PROTOTYPES = YES;
				CLANG_WARN_SUSPICIOUS_MOVE = YES;
				CLANG_WARN_UNGUARDED_AVAILABILITY = YES_AGGRESSIVE;
				CLANG_WARN_UNREACHABLE_CODE = YES;
				CLANG_WARN__DUPLICATE_METHOD_MATCH = YES;
				COPY_PHASE_STRIP = NO;
				DEBUG_INFORMATION_FORMAT = dwarf;
				ENABLE_STRICT_OBJC_MSGSEND = YES;
				ENABLE_TESTABILITY = YES;
				GCC_C_LANGUAGE_STANDARD = gnu11;
				GCC_DYNAMIC_NO_PIC = NO;
				GCC_NO_COMMON_BLOCKS = YES;
				GCC_OPTIMIZATION_LEVEL = 0;
				GCC_PREPROCESSOR_DEFINITIONS = (
					"DEBUG=1",
					"$(inherited)",
				);
				GCC_WARN_64_TO_32_BIT_CONVERSION = YES;
				GCC_WARN_ABOUT_RETURN_TYPE = YES_ERROR;
				GCC_WARN_UNDECLARED_SELECTOR = YES;
				GCC_WARN_UNINITIALIZED_AUTOS = YES_AGGRESSIVE;
				GCC_WARN_UNUSED_FUNCTION = YES;
				GCC_WARN_UNUSED_VARIABLE = YES;
				MTL_ENABLE_DEBUG_INFO = INCLUDE_SOURCE;
				MTL_FAST_MATH = YES;
				ONLY_ACTIVE_ARCH = YES;
				SWIFT_ACTIVE_COMPILATION_CONDITIONS = DEBUG;
				SWIFT_OPTIMIZATION_LEVEL = "-Onone";
			};
			name = Debug;
		};
		EA8554CF287A1F9F00218C05 /* Release */ = {
			isa = XCBuildConfiguration;
			buildSettings = {
				ALWAYS_SEARCH_USER_PATHS = NO;
				CLANG_ANALYZER_NONNULL = YES;
				CLANG_ANALYZER_NUMBER_OBJECT_CONVERSION = YES_AGGRESSIVE;
				CLANG_CXX_LANGUAGE_STANDARD = "gnu++17";
				CLANG_ENABLE_MODULES = YES;
				CLANG_ENABLE_OBJC_ARC = YES;
				CLANG_ENABLE_OBJC_WEAK = YES;
				CLANG_WARN_BLOCK_CAPTURE_AUTORELEASING = YES;
				CLANG_WARN_BOOL_CONVERSION = YES;
				CLANG_WARN_COMMA = YES;
				CLANG_WARN_CONSTANT_CONVERSION = YES;
				CLANG_WARN_DEPRECATED_OBJC_IMPLEMENTATIONS = YES;
				CLANG_WARN_DIRECT_OBJC_ISA_USAGE = YES_ERROR;
				CLANG_WARN_DOCUMENTATION_COMMENTS = YES;
				CLANG_WARN_EMPTY_BODY = YES;
				CLANG_WARN_ENUM_CONVERSION = YES;
				CLANG_WARN_INFINITE_RECURSION = YES;
				CLANG_WARN_INT_CONVERSION = YES;
				CLANG_WARN_NON_LITERAL_NULL_CONVERSION = YES;
				CLANG_WARN_OBJC_IMPLICIT_RETAIN_SELF = YES;
				CLANG_WARN_OBJC_LITERAL_CONVERSION = YES;
				CLANG_WARN_OBJC_ROOT_CLASS = YES_ERROR;
				CLANG_WARN_QUOTED_INCLUDE_IN_FRAMEWORK_HEADER = YES;
				CLANG_WARN_RANGE_LOOP_ANALYSIS = YES;
				CLANG_WARN_STRICT_PROTOTYPES = YES;
				CLANG_WARN_SUSPICIOUS_MOVE = YES;
				CLANG_WARN_UNGUARDED_AVAILABILITY = YES_AGGRESSIVE;
				CLANG_WARN_UNREACHABLE_CODE = YES;
				CLANG_WARN__DUPLICATE_METHOD_MATCH = YES;
				COPY_PHASE_STRIP = NO;
				DEBUG_INFORMATION_FORMAT = "dwarf-with-dsym";
				ENABLE_NS_ASSERTIONS = NO;
				ENABLE_STRICT_OBJC_MSGSEND = YES;
				GCC_C_LANGUAGE_STANDARD = gnu11;
				GCC_NO_COMMON_BLOCKS = YES;
				GCC_WARN_64_TO_32_BIT_CONVERSION = YES;
				GCC_WARN_ABOUT_RETURN_TYPE = YES_ERROR;
				GCC_WARN_UNDECLARED_SELECTOR = YES;
				GCC_WARN_UNINITIALIZED_AUTOS = YES_AGGRESSIVE;
				GCC_WARN_UNUSED_FUNCTION = YES;
				GCC_WARN_UNUSED_VARIABLE = YES;
				MTL_ENABLE_DEBUG_INFO = NO;
				MTL_FAST_MATH = YES;
				SWIFT_COMPILATION_MODE = wholemodule;
				SWIFT_OPTIMIZATION_LEVEL = "-O";
			};
			name = Release;
		};
		EA8554D1287A1F9F00218C05 /* Debug */ = {
			isa = XCBuildConfiguration;
			buildSettings = {
				ASSETCATALOG_COMPILER_APPICON_NAME = AppIcon;
				ASSETCATALOG_COMPILER_GLOBAL_ACCENT_COLOR_NAME = AccentColor;
				CODE_SIGN_ENTITLEMENTS = Resources/TriathlonPlanner.entitlements;
				CODE_SIGN_STYLE = Automatic;
				CURRENT_PROJECT_VERSION = 1;
				DEVELOPMENT_TEAM = CD69SP6A6Z;
				ENABLE_PREVIEWS = YES;
				GENERATE_INFOPLIST_FILE = YES;
				INFOPLIST_KEY_UIApplicationSceneManifest_Generation = YES;
				INFOPLIST_KEY_UIApplicationSupportsIndirectInputEvents = YES;
				INFOPLIST_KEY_UILaunchScreen_Generation = YES;
				INFOPLIST_KEY_UISupportedInterfaceOrientations_iPad = "UIInterfaceOrientationPortrait UIInterfaceOrientationPortraitUpsideDown UIInterfaceOrientationLandscapeLeft UIInterfaceOrientationLandscapeRight";
				INFOPLIST_KEY_UISupportedInterfaceOrientations_iPhone = "UIInterfaceOrientationPortrait UIInterfaceOrientationLandscapeLeft UIInterfaceOrientationLandscapeRight";
				IPHONEOS_DEPLOYMENT_TARGET = 15.5;
				LD_RUNPATH_SEARCH_PATHS = (
					"$(inherited)",
					"@executable_path/Frameworks",
				);
				MARKETING_VERSION = 1.0;
				PRODUCT_BUNDLE_IDENTIFIER = com.drewbratcher.TriathlonPlanner;
				PRODUCT_NAME = TriathlonPlanner;
				SDKROOT = iphoneos;
				SUPPORTS_MACCATALYST = YES;
				SUPPORTS_MAC_DESIGNED_FOR_IPHONE_IPAD = NO;
				SWIFT_EMIT_LOC_STRINGS = YES;
				SWIFT_VERSION = 5.0;
				TARGETED_DEVICE_FAMILY = "1,2,6";
			};
			name = Debug;
		};
		EA8554D2287A1F9F00218C05 /* Release */ = {
			isa = XCBuildConfiguration;
			buildSettings = {
				ASSETCATALOG_COMPILER_APPICON_NAME = AppIcon;
				ASSETCATALOG_COMPILER_GLOBAL_ACCENT_COLOR_NAME = AccentColor;
				CODE_SIGN_ENTITLEMENTS = Resources/TriathlonPlanner.entitlements;
				CODE_SIGN_STYLE = Automatic;
				CURRENT_PROJECT_VERSION = 1;
				DEVELOPMENT_TEAM = CD69SP6A6Z;
				ENABLE_PREVIEWS = YES;
				GENERATE_INFOPLIST_FILE = YES;
				INFOPLIST_KEY_UIApplicationSceneManifest_Generation = YES;
				INFOPLIST_KEY_UIApplicationSupportsIndirectInputEvents = YES;
				INFOPLIST_KEY_UILaunchScreen_Generation = YES;
				INFOPLIST_KEY_UISupportedInterfaceOrientations_iPad = "UIInterfaceOrientationPortrait UIInterfaceOrientationPortraitUpsideDown UIInterfaceOrientationLandscapeLeft UIInterfaceOrientationLandscapeRight";
				INFOPLIST_KEY_UISupportedInterfaceOrientations_iPhone = "UIInterfaceOrientationPortrait UIInterfaceOrientationLandscapeLeft UIInterfaceOrientationLandscapeRight";
				IPHONEOS_DEPLOYMENT_TARGET = 15.5;
				LD_RUNPATH_SEARCH_PATHS = (
					"$(inherited)",
					"@executable_path/Frameworks",
				);
				MARKETING_VERSION = 1.0;
				PRODUCT_BUNDLE_IDENTIFIER = com.drewbratcher.TriathlonPlanner;
				PRODUCT_NAME = TriathlonPlanner;
				SDKROOT = iphoneos;
				SUPPORTS_MACCATALYST = YES;
				SUPPORTS_MAC_DESIGNED_FOR_IPHONE_IPAD = NO;
				SWIFT_EMIT_LOC_STRINGS = YES;
				SWIFT_VERSION = 5.0;
				TARGETED_DEVICE_FAMILY = "1,2,6";
				VALIDATE_PRODUCT = YES;
			};
			name = Release;
		};
		EA8554D7287A1F9F00218C05 /* Debug */ = {
			isa = XCBuildConfiguration;
			buildSettings = {
				ALWAYS_EMBED_SWIFT_STANDARD_LIBRARIES = YES;
				CODE_SIGN_STYLE = Automatic;
				CURRENT_PROJECT_VERSION = 1;
				DEVELOPMENT_TEAM = CD69SP6A6Z;
				GENERATE_INFOPLIST_FILE = YES;
				IPHONEOS_DEPLOYMENT_TARGET = 15.5;
				MARKETING_VERSION = 1.0;
				PRODUCT_BUNDLE_IDENTIFIER = "com.drewbratcher.Tests-iOS";
				PRODUCT_NAME = "$(TARGET_NAME)";
				PROVISIONING_PROFILE = "";
				SDKROOT = iphoneos;
				SWIFT_EMIT_LOC_STRINGS = NO;
				SWIFT_VERSION = 5.0;
				TARGETED_DEVICE_FAMILY = "1,2";
				TEST_HOST = "";
				TEST_TARGET_NAME = TriathlonPlanner;
			};
			name = Debug;
		};
		EA8554D8287A1F9F00218C05 /* Release */ = {
			isa = XCBuildConfiguration;
			buildSettings = {
				ALWAYS_EMBED_SWIFT_STANDARD_LIBRARIES = YES;
				CODE_SIGN_STYLE = Automatic;
				CURRENT_PROJECT_VERSION = 1;
				DEVELOPMENT_TEAM = CD69SP6A6Z;
				GENERATE_INFOPLIST_FILE = YES;
				IPHONEOS_DEPLOYMENT_TARGET = 15.5;
				MARKETING_VERSION = 1.0;
				PRODUCT_BUNDLE_IDENTIFIER = "com.drewbratcher.Tests-iOS";
				PRODUCT_NAME = "$(TARGET_NAME)";
				PROVISIONING_PROFILE = "";
				SDKROOT = iphoneos;
				SWIFT_EMIT_LOC_STRINGS = NO;
				SWIFT_VERSION = 5.0;
				TARGETED_DEVICE_FAMILY = "1,2";
				TEST_HOST = "";
				TEST_TARGET_NAME = TriathlonPlanner;
				VALIDATE_PRODUCT = YES;
			};
			name = Release;
		};
/* End XCBuildConfiguration section */

/* Begin XCConfigurationList section */
		EA85549E287A1F9E00218C05 /* Build configuration list for PBXProject "TriathlonPlanner" */ = {
			isa = XCConfigurationList;
			buildConfigurations = (
				EA8554CE287A1F9F00218C05 /* Debug */,
				EA8554CF287A1F9F00218C05 /* Release */,
			);
			defaultConfigurationIsVisible = 0;
			defaultConfigurationName = Release;
		};
		EA8554D0287A1F9F00218C05 /* Build configuration list for PBXNativeTarget "TriathlonPlanner" */ = {
			isa = XCConfigurationList;
			buildConfigurations = (
				EA8554D1287A1F9F00218C05 /* Debug */,
				EA8554D2287A1F9F00218C05 /* Release */,
			);
			defaultConfigurationIsVisible = 0;
			defaultConfigurationName = Release;
		};
		EA8554D6287A1F9F00218C05 /* Build configuration list for PBXNativeTarget "Tests" */ = {
			isa = XCConfigurationList;
			buildConfigurations = (
				EA8554D7287A1F9F00218C05 /* Debug */,
				EA8554D8287A1F9F00218C05 /* Release */,
			);
			defaultConfigurationIsVisible = 0;
			defaultConfigurationName = Release;
		};
/* End XCConfigurationList section */
	};
	rootObject = EA85549B287A1F9E00218C05 /* Project object */;
}
